// !$*UTF8*$!
{
	archiveVersion = 1;
	classes = {
	};
	objectVersion = 50;
	objects = {

/* Begin PBXBuildFile section */
		1321E78C2187621E0047E75A /* Extras.swift in Sources */ = {isa = PBXBuildFile; fileRef = 1321E78B2187621E0047E75A /* Extras.swift */; };
		1331718621825B6300AFCC5F /* AppDelegate.swift in Sources */ = {isa = PBXBuildFile; fileRef = 1331718521825B6300AFCC5F /* AppDelegate.swift */; };
		1331718821825B6300AFCC5F /* ViewController.swift in Sources */ = {isa = PBXBuildFile; fileRef = 1331718721825B6300AFCC5F /* ViewController.swift */; };
		1331718B21825B6300AFCC5F /* Main.storyboard in Resources */ = {isa = PBXBuildFile; fileRef = 1331718921825B6300AFCC5F /* Main.storyboard */; };
		1331718D21825B6400AFCC5F /* Assets.xcassets in Resources */ = {isa = PBXBuildFile; fileRef = 1331718C21825B6400AFCC5F /* Assets.xcassets */; };
		1331719021825B6400AFCC5F /* LaunchScreen.storyboard in Resources */ = {isa = PBXBuildFile; fileRef = 1331718E21825B6400AFCC5F /* LaunchScreen.storyboard */; };
		1331719B2182825A00AFCC5F /* WeatherModel.swift in Sources */ = {isa = PBXBuildFile; fileRef = 1331719A2182825A00AFCC5F /* WeatherModel.swift */; };
		139604E0218CE97900BF5DA3 /* Location.swift in Sources */ = {isa = PBXBuildFile; fileRef = 139604DF218CE97900BF5DA3 /* Location.swift */; };
/* End PBXBuildFile section */

/* Begin PBXFileReference section */
		1321E78B2187621E0047E75A /* Extras.swift */ = {isa = PBXFileReference; lastKnownFileType = sourcecode.swift; path = Extras.swift; sourceTree = "<group>"; };
		1331718221825B6300AFCC5F /* WeatherApp.app */ = {isa = PBXFileReference; explicitFileType = wrapper.application; includeInIndex = 0; path = WeatherApp.app; sourceTree = BUILT_PRODUCTS_DIR; };
		1331718521825B6300AFCC5F /* AppDelegate.swift */ = {isa = PBXFileReference; lastKnownFileType = sourcecode.swift; path = AppDelegate.swift; sourceTree = "<group>"; };
		1331718721825B6300AFCC5F /* ViewController.swift */ = {isa = PBXFileReference; lastKnownFileType = sourcecode.swift; path = ViewController.swift; sourceTree = "<group>"; };
		1331718A21825B6300AFCC5F /* Base */ = {isa = PBXFileReference; lastKnownFileType = file.storyboard; name = Base; path = Base.lproj/Main.storyboard; sourceTree = "<group>"; };
		1331718C21825B6400AFCC5F /* Assets.xcassets */ = {isa = PBXFileReference; lastKnownFileType = folder.assetcatalog; path = Assets.xcassets; sourceTree = "<group>"; };
		1331718F21825B6400AFCC5F /* Base */ = {isa = PBXFileReference; lastKnownFileType = file.storyboard; name = Base; path = Base.lproj/LaunchScreen.storyboard; sourceTree = "<group>"; };
		1331719121825B6400AFCC5F /* Info.plist */ = {isa = PBXFileReference; lastKnownFileType = text.plist.xml; path = Info.plist; sourceTree = "<group>"; };
		1331719A2182825A00AFCC5F /* WeatherModel.swift */ = {isa = PBXFileReference; lastKnownFileType = sourcecode.swift; path = WeatherModel.swift; sourceTree = "<group>"; };
		139604DF218CE97900BF5DA3 /* Location.swift */ = {isa = PBXFileReference; lastKnownFileType = sourcecode.swift; path = Location.swift; sourceTree = "<group>"; };
/* End PBXFileReference section */

/* Begin PBXFrameworksBuildPhase section */
		1331717F21825B6200AFCC5F /* Frameworks */ = {
			isa = PBXFrameworksBuildPhase;
			buildActionMask = 2147483647;
			files = (
			);
			runOnlyForDeploymentPostprocessing = 0;
		};
/* End PBXFrameworksBuildPhase section */

/* Begin PBXGroup section */
		1321E78D218772C80047E75A /* Extras */ = {
			isa = PBXGroup;
			children = (
				1321E78B2187621E0047E75A /* Extras.swift */,
			);
			path = Extras;
			sourceTree = "<group>";
		};
		1331717921825B6200AFCC5F = {
			isa = PBXGroup;
			children = (
				1321E78D218772C80047E75A /* Extras */,
				1331719921825BDA00AFCC5F /* Controller */,
				1331719821825BD400AFCC5F /* View */,
				1331719721825BC600AFCC5F /* Model */,
				1331718421825B6300AFCC5F /* WeatherApp */,
				1331718321825B6300AFCC5F /* Products */,
			);
			sourceTree = "<group>";
		};
		1331718321825B6300AFCC5F /* Products */ = {
			isa = PBXGroup;
			children = (
				1331718221825B6300AFCC5F /* WeatherApp.app */,
			);
			name = Products;
			sourceTree = "<group>";
		};
		1331718421825B6300AFCC5F /* WeatherApp */ = {
			isa = PBXGroup;
			children = (
				1331718521825B6300AFCC5F /* AppDelegate.swift */,
				1331718921825B6300AFCC5F /* Main.storyboard */,
				1331718C21825B6400AFCC5F /* Assets.xcassets */,
				1331718E21825B6400AFCC5F /* LaunchScreen.storyboard */,
				1331719121825B6400AFCC5F /* Info.plist */,
			);
			path = WeatherApp;
			sourceTree = "<group>";
		};
		1331719721825BC600AFCC5F /* Model */ = {
			isa = PBXGroup;
			children = (
				1331719A2182825A00AFCC5F /* WeatherModel.swift */,
				139604DF218CE97900BF5DA3 /* Location.swift */,
			);
			path = Model;
			sourceTree = "<group>";
		};
		1331719821825BD400AFCC5F /* View */ = {
			isa = PBXGroup;
			children = (
			);
			path = View;
			sourceTree = "<group>";
		};
		1331719921825BDA00AFCC5F /* Controller */ = {
			isa = PBXGroup;
			children = (
				1331718721825B6300AFCC5F /* ViewController.swift */,
			);
			path = Controller;
			sourceTree = "<group>";
		};
/* End PBXGroup section */

/* Begin PBXNativeTarget section */
		1331718121825B6200AFCC5F /* WeatherApp */ = {
			isa = PBXNativeTarget;
			buildConfigurationList = 1331719421825B6400AFCC5F /* Build configuration list for PBXNativeTarget "WeatherApp" */;
			buildPhases = (
				1331717E21825B6200AFCC5F /* Sources */,
				1331717F21825B6200AFCC5F /* Frameworks */,
				1331718021825B6200AFCC5F /* Resources */,
			);
			buildRules = (
			);
			dependencies = (
			);
			name = WeatherApp;
			productName = WeatherApp;
			productReference = 1331718221825B6300AFCC5F /* WeatherApp.app */;
			productType = "com.apple.product-type.application";
		};
/* End PBXNativeTarget section */

/* Begin PBXProject section */
		1331717A21825B6200AFCC5F /* Project object */ = {
			isa = PBXProject;
			attributes = {
				LastSwiftUpdateCheck = 1000;
				LastUpgradeCheck = 1000;
				ORGANIZATIONNAME = "Fran Glavota";
				TargetAttributes = {
					1331718121825B6200AFCC5F = {
						CreatedOnToolsVersion = 10.0;
					};
				};
			};
			buildConfigurationList = 1331717D21825B6200AFCC5F /* Build configuration list for PBXProject "WeatherApp" */;
			compatibilityVersion = "Xcode 9.3";
			developmentRegion = en;
			hasScannedForEncodings = 0;
			knownRegions = (
				en,
				Base,
			);
			mainGroup = 1331717921825B6200AFCC5F;
			productRefGroup = 1331718321825B6300AFCC5F /* Products */;
			projectDirPath = "";
			projectRoot = "";
			targets = (
				1331718121825B6200AFCC5F /* WeatherApp */,
			);
		};
/* End PBXProject section */

/* Begin PBXResourcesBuildPhase section */
		1331718021825B6200AFCC5F /* Resources */ = {
			isa = PBXResourcesBuildPhase;
			buildActionMask = 2147483647;
			files = (
				1331719021825B6400AFCC5F /* LaunchScreen.storyboard in Resources */,
				1331718D21825B6400AFCC5F /* Assets.xcassets in Resources */,
				1331718B21825B6300AFCC5F /* Main.storyboard in Resources */,
			);
			runOnlyForDeploymentPostprocessing = 0;
		};
/* End PBXResourcesBuildPhase section */

/* Begin PBXSourcesBuildPhase section */
		1331717E21825B6200AFCC5F /* Sources */ = {
			isa = PBXSourcesBuildPhase;
			buildActionMask = 2147483647;
			files = (
				1331718821825B6300AFCC5F /* ViewController.swift in Sources */,
				1331719B2182825A00AFCC5F /* WeatherModel.swift in Sources */,
				139604E0218CE97900BF5DA3 /* Location.swift in Sources */,
				1321E78C2187621E0047E75A /* Extras.swift in Sources */,
				1331718621825B6300AFCC5F /* AppDelegate.swift in Sources */,
			);
			runOnlyForDeploymentPostprocessing = 0;
		};
/* End PBXSourcesBuildPhase section */

/* Begin PBXVariantGroup section */
		1331718921825B6300AFCC5F /* Main.storyboard */ = {
			isa = PBXVariantGroup;
			children = (
				1331718A21825B6300AFCC5F /* Base */,
			);
			name = Main.storyboard;
			sourceTree = "<group>";
		};
		1331718E21825B6400AFCC5F /* LaunchScreen.storyboard */ = {
			isa = PBXVariantGroup;
			children = (
				1331718F21825B6400AFCC5F /* Base */,
			);
			name = LaunchScreen.storyboard;
			sourceTree = "<group>";
		};
/* End PBXVariantGroup section */

/* Begin XCBuildConfiguration section */
		1331719221825B6400AFCC5F /* Debug */ = {
			isa = XCBuildConfiguration;
			buildSettings = {
				ALWAYS_SEARCH_USER_PATHS = NO;
				CLANG_ANALYZER_NONNULL = YES;
				CLANG_ANALYZER_NUMBER_OBJECT_CONVERSION = YES_AGGRESSIVE;
				CLANG_CXX_LANGUAGE_STANDARD = "gnu++14";
				CLANG_CXX_LIBRARY = "libc++";
				CLANG_ENABLE_MODULES = YES;
				CLANG_ENABLE_OBJC_ARC = YES;
				CLANG_ENABLE_OBJC_WEAK = YES;
				CLANG_WARN_BLOCK_CAPTURE_AUTORELEASING = YES;
				CLANG_WARN_BOOL_CONVERSION = YES;
				CLANG_WARN_COMMA = YES;
				CLANG_WARN_CONSTANT_CONVERSION = YES;
				CLANG_WARN_DEPRECATED_OBJC_IMPLEMENTATIONS = YES;
				CLANG_WARN_DIRECT_OBJC_ISA_USAGE = YES_ERROR;
				CLANG_WARN_DOCUMENTATION_COMMENTS = YES;
				CLANG_WARN_EMPTY_BODY = YES;
				CLANG_WARN_ENUM_CONVERSION = YES;
				CLANG_WARN_INFINITE_RECURSION = YES;
				CLANG_WARN_INT_CONVERSION = YES;
				CLANG_WARN_NON_LITERAL_NULL_CONVERSION = YES;
				CLANG_WARN_OBJC_IMPLICIT_RETAIN_SELF = YES;
				CLANG_WARN_OBJC_LITERAL_CONVERSION = YES;
				CLANG_WARN_OBJC_ROOT_CLASS = YES_ERROR;
				CLANG_WARN_RANGE_LOOP_ANALYSIS = YES;
				CLANG_WARN_STRICT_PROTOTYPES = YES;
				CLANG_WARN_SUSPICIOUS_MOVE = YES;
				CLANG_WARN_UNGUARDED_AVAILABILITY = YES_AGGRESSIVE;
				CLANG_WARN_UNREACHABLE_CODE = YES;
				CLANG_WARN__DUPLICATE_METHOD_MATCH = YES;
				CODE_SIGN_IDENTITY = "iPhone Developer";
				COPY_PHASE_STRIP = NO;
				DEBUG_INFORMATION_FORMAT = dwarf;
				ENABLE_STRICT_OBJC_MSGSEND = YES;
				ENABLE_TESTABILITY = YES;
				GCC_C_LANGUAGE_STANDARD = gnu11;
				GCC_DYNAMIC_NO_PIC = NO;
				GCC_NO_COMMON_BLOCKS = YES;
				GCC_OPTIMIZATION_LEVEL = 0;
				GCC_PREPROCESSOR_DEFINITIONS = (
					"DEBUG=1",
					"$(inherited)",
				);
				GCC_WARN_64_TO_32_BIT_CONVERSION = YES;
				GCC_WARN_ABOUT_RETURN_TYPE = YES_ERROR;
				GCC_WARN_UNDECLARED_SELECTOR = YES;
				GCC_WARN_UNINITIALIZED_AUTOS = YES_AGGRESSIVE;
				GCC_WARN_UNUSED_FUNCTION = YES;
				GCC_WARN_UNUSED_VARIABLE = YES;
				IPHONEOS_DEPLOYMENT_TARGET = 12.0;
				MTL_ENABLE_DEBUG_INFO = INCLUDE_SOURCE;
				MTL_FAST_MATH = YES;
				ONLY_ACTIVE_ARCH = YES;
				SDKROOT = iphoneos;
				SWIFT_ACTIVE_COMPILATION_CONDITIONS = DEBUG;
				SWIFT_OPTIMIZATION_LEVEL = "-Onone";
			};
			name = Debug;
		};
		1331719321825B6400AFCC5F /* Release */ = {
			isa = XCBuildConfiguration;
			buildSettings = {
				ALWAYS_SEARCH_USER_PATHS = NO;
				CLANG_ANALYZER_NONNULL = YES;
				CLANG_ANALYZER_NUMBER_OBJECT_CONVERSION = YES_AGGRESSIVE;
				CLANG_CXX_LANGUAGE_STANDARD = "gnu++14";
				CLANG_CXX_LIBRARY = "libc++";
				CLANG_ENABLE_MODULES = YES;
				CLANG_ENABLE_OBJC_ARC = YES;
				CLANG_ENABLE_OBJC_WEAK = YES;
				CLANG_WARN_BLOCK_CAPTURE_AUTORELEASING = YES;
				CLANG_WARN_BOOL_CONVERSION = YES;
				CLANG_WARN_COMMA = YES;
				CLANG_WARN_CONSTANT_CONVERSION = YES;
				CLANG_WARN_DEPRECATED_OBJC_IMPLEMENTATIONS = YES;
				CLANG_WARN_DIRECT_OBJC_ISA_USAGE = YES_ERROR;
				CLANG_WARN_DOCUMENTATION_COMMENTS = YES;
				CLANG_WARN_EMPTY_BODY = YES;
				CLANG_WARN_ENUM_CONVERSION = YES;
				CLANG_WARN_INFINITE_RECURSION = YES;
				CLANG_WARN_INT_CONVERSION = YES;
				CLANG_WARN_NON_LITERAL_NULL_CONVERSION = YES;
				CLANG_WARN_OBJC_IMPLICIT_RETAIN_SELF = YES;
				CLANG_WARN_OBJC_LITERAL_CONVERSION = YES;
				CLANG_WARN_OBJC_ROOT_CLASS = YES_ERROR;
				CLANG_WARN_RANGE_LOOP_ANALYSIS = YES;
				CLANG_WARN_STRICT_PROTOTYPES = YES;
				CLANG_WARN_SUSPICIOUS_MOVE = YES;
				CLANG_WARN_UNGUARDED_AVAILABILITY = YES_AGGRESSIVE;
				CLANG_WARN_UNREACHABLE_CODE = YES;
				CLANG_WARN__DUPLICATE_METHOD_MATCH = YES;
				CODE_SIGN_IDENTITY = "iPhone Developer";
				COPY_PHASE_STRIP = NO;
				DEBUG_INFORMATION_FORMAT = "dwarf-with-dsym";
				ENABLE_NS_ASSERTIONS = NO;
				ENABLE_STRICT_OBJC_MSGSEND = YES;
				GCC_C_LANGUAGE_STANDARD = gnu11;
				GCC_NO_COMMON_BLOCKS = YES;
				GCC_WARN_64_TO_32_BIT_CONVERSION = YES;
				GCC_WARN_ABOUT_RETURN_TYPE = YES_ERROR;
				GCC_WARN_UNDECLARED_SELECTOR = YES;
				GCC_WARN_UNINITIALIZED_AUTOS = YES_AGGRESSIVE;
				GCC_WARN_UNUSED_FUNCTION = YES;
				GCC_WARN_UNUSED_VARIABLE = YES;
				IPHONEOS_DEPLOYMENT_TARGET = 12.0;
				MTL_ENABLE_DEBUG_INFO = NO;
				MTL_FAST_MATH = YES;
				SDKROOT = iphoneos;
				SWIFT_COMPILATION_MODE = wholemodule;
				SWIFT_OPTIMIZATION_LEVEL = "-O";
				VALIDATE_PRODUCT = YES;
			};
			name = Release;
		};
		1331719521825B6400AFCC5F /* Debug */ = {
			isa = XCBuildConfiguration;
			buildSettings = {
				ASSETCATALOG_COMPILER_APPICON_NAME = AppIcon;
				CODE_SIGN_STYLE = Automatic;
				DEVELOPMENT_TEAM = UU84T3H4PH;
				INFOPLIST_FILE = WeatherApp/Info.plist;
				LD_RUNPATH_SEARCH_PATHS = "$(inherited) @executable_path/Frameworks";
				PRODUCT_BUNDLE_IDENTIFIER = fran.glavota.WeatherApp;
				PRODUCT_NAME = "$(TARGET_NAME)";
				SWIFT_VERSION = 4.2;
				TARGETED_DEVICE_FAMILY = "1,2";
			};
			name = Debug;
		};
		1331719621825B6400AFCC5F /* Release */ = {
			isa = XCBuildConfiguration;
			buildSettings = {
				ASSETCATALOG_COMPILER_APPICON_NAME = AppIcon;
				CODE_SIGN_STYLE = Automatic;
				DEVELOPMENT_TEAM = UU84T3H4PH;
				INFOPLIST_FILE = WeatherApp/Info.plist;
				LD_RUNPATH_SEARCH_PATHS = "$(inherited) @executable_path/Frameworks";
				PRODUCT_BUNDLE_IDENTIFIER = fran.glavota.WeatherApp;
				PRODUCT_NAME = "$(TARGET_NAME)";
				SWIFT_VERSION = 4.2;
				TARGETED_DEVICE_FAMILY = "1,2";
			};
			name = Release;
		};
/* End XCBuildConfiguration section */

/* Begin XCConfigurationList section */
		1331717D21825B6200AFCC5F /* Build configuration list for PBXProject "WeatherApp" */ = {
			isa = XCConfigurationList;
			buildConfigurations = (
				1331719221825B6400AFCC5F /* Debug */,
				1331719321825B6400AFCC5F /* Release */,
			);
			defaultConfigurationIsVisible = 0;
			defaultConfigurationName = Release;
		};
		1331719421825B6400AFCC5F /* Build configuration list for PBXNativeTarget "WeatherApp" */ = {
			isa = XCConfigurationList;
			buildConfigurations = (
				1331719521825B6400AFCC5F /* Debug */,
				1331719621825B6400AFCC5F /* Release */,
			);
			defaultConfigurationIsVisible = 0;
			defaultConfigurationName = Release;
		};
/* End XCConfigurationList section */
	};
	rootObject = 1331717A21825B6200AFCC5F /* Project object */;
}
